
Microsoft Visual Studio Solution File, Format Version 12.00
# Visual Studio Version 17
VisualStudioVersion = 17.9.34723.18
MinimumVisualStudioVersion = 10.0.40219.1
Project("{FAE04EC0-301F-11D3-BF4B-00C04F79EFBC}") = "Homework_05_06", "Homework_05_06\Homework_05_06.csproj", "{3D9716C8-6F17-4376-81C3-A2A150584DAE}"
EndProject
Global
	GlobalSection(SolutionConfigurationPlatforms) = preSolution
		Debug|Any CPU = Debug|Any CPU
		Release|Any CPU = Release|Any CPU
	EndGlobalSection
	GlobalSection(ProjectConfigurationPlatforms) = postSolution
		{3D9716C8-6F17-4376-81C3-A2A150584DAE}.Debug|Any CPU.ActiveCfg = Debug|Any CPU
		{3D9716C8-6F17-4376-81C3-A2A150584DAE}.Debug|Any CPU.Build.0 = Debug|Any CPU
		{3D9716C8-6F17-4376-81C3-A2A150584DAE}.Release|Any CPU.ActiveCfg = Release|Any CPU
		{3D9716C8-6F17-4376-81C3-A2A150584DAE}.Release|Any CPU.Build.0 = Release|Any CPU
	EndGlobalSection
	GlobalSection(SolutionProperties) = preSolution
		HideSolutionNode = FALSE
	EndGlobalSection
	GlobalSection(ExtensibilityGlobals) = postSolution
		SolutionGuid = {8DD9182F-A0D1-41DB-99D2-AC4B3C8C0F93}
	EndGlobalSection
EndGlobal
