
Microsoft Visual Studio Solution File, Format Version 12.00
# Visual Studio Version 17
VisualStudioVersion = 17.10.35004.147
MinimumVisualStudioVersion = 10.0.40219.1
Project("{FAE04EC0-301F-11D3-BF4B-00C04F79EFBC}") = "Homework_06_03", "Homework_06_03\Homework_06_03.csproj", "{72E29FB3-754E-4EA3-A028-05CAB410D206}"
EndProject
Global
	GlobalSection(SolutionConfigurationPlatforms) = preSolution
		Debug|Any CPU = Debug|Any CPU
		Release|Any CPU = Release|Any CPU
	EndGlobalSection
	GlobalSection(ProjectConfigurationPlatforms) = postSolution
		{72E29FB3-754E-4EA3-A028-05CAB410D206}.Debug|Any CPU.ActiveCfg = Debug|Any CPU
		{72E29FB3-754E-4EA3-A028-05CAB410D206}.Debug|Any CPU.Build.0 = Debug|Any CPU
		{72E29FB3-754E-4EA3-A028-05CAB410D206}.Release|Any CPU.ActiveCfg = Release|Any CPU
		{72E29FB3-754E-4EA3-A028-05CAB410D206}.Release|Any CPU.Build.0 = Release|Any CPU
	EndGlobalSection
	GlobalSection(SolutionProperties) = preSolution
		HideSolutionNode = FALSE
	EndGlobalSection
	GlobalSection(ExtensibilityGlobals) = postSolution
		SolutionGuid = {2C4213F8-BD70-49F7-B99B-4DC139F6049F}
	EndGlobalSection
EndGlobal
